
Microsoft Visual Studio Solution File, Format Version 12.00
# Visual Studio Version 17
VisualStudioVersion = 17.1.32407.343
MinimumVisualStudioVersion = 10.0.40219.1
Project("{8BC9CEB8-8B4A-11D0-8D11-00A0C91BC942}") = "test2_thrust", "test2_thrust.vcxproj", "{78D4BF1E-27F7-40C4-8EAA-49A583136CFC}"
EndProject
Global
	GlobalSection(SolutionConfigurationPlatforms) = preSolution
		Debug|x64 = Debug|x64
		Release|x64 = Release|x64
	EndGlobalSection
	GlobalSection(ProjectConfigurationPlatforms) = postSolution
		{78D4BF1E-27F7-40C4-8EAA-49A583136CFC}.Debug|x64.ActiveCfg = Debug|x64
		{78D4BF1E-27F7-40C4-8EAA-49A583136CFC}.Debug|x64.Build.0 = Debug|x64
		{78D4BF1E-27F7-40C4-8EAA-49A583136CFC}.Release|x64.ActiveCfg = Release|x64
		{78D4BF1E-27F7-40C4-8EAA-49A583136CFC}.Release|x64.Build.0 = Release|x64
	EndGlobalSection
	GlobalSection(SolutionProperties) = preSolution
		HideSolutionNode = FALSE
	EndGlobalSection
	GlobalSection(ExtensibilityGlobals) = postSolution
		SolutionGuid = {F02C75AC-08AD-476A-A31E-B4DBED51442E}
	EndGlobalSection
EndGlobal
